
Microsoft Visual Studio Solution File, Format Version 12.00
# Visual Studio 15
VisualStudioVersion = 15.0.27703.2047
MinimumVisualStudioVersion = 10.0.40219.1
Project("{FAE04EC0-301F-11D3-BF4B-00C04F79EFBC}") = "PIMSSystemPlatform", "PIMSSystemPlatform\PIMSSystemPlatform.csproj", "{DBDAB981-A08F-4812-B533-607448430D33}"
EndProject
Project("{FAE04EC0-301F-11D3-BF4B-00C04F79EFBC}") = "IHM.Framework", "IHM.Framework\IHM.Framework.csproj", "{AB0A520D-7045-4FDF-A5A7-BD5A074704C5}"
EndProject
Global
	GlobalSection(SolutionConfigurationPlatforms) = preSolution
		Debug|Any CPU = Debug|Any CPU
		Release|Any CPU = Release|Any CPU
	EndGlobalSection
	GlobalSection(ProjectConfigurationPlatforms) = postSolution
		{DBDAB981-A08F-4812-B533-607448430D33}.Debug|Any CPU.ActiveCfg = Debug|Any CPU
		{DBDAB981-A08F-4812-B533-607448430D33}.Debug|Any CPU.Build.0 = Debug|Any CPU
		{DBDAB981-A08F-4812-B533-607448430D33}.Release|Any CPU.ActiveCfg = Release|Any CPU
		{DBDAB981-A08F-4812-B533-607448430D33}.Release|Any CPU.Build.0 = Release|Any CPU
		{AB0A520D-7045-4FDF-A5A7-BD5A074704C5}.Debug|Any CPU.ActiveCfg = Debug|Any CPU
		{AB0A520D-7045-4FDF-A5A7-BD5A074704C5}.Debug|Any CPU.Build.0 = Debug|Any CPU
		{AB0A520D-7045-4FDF-A5A7-BD5A074704C5}.Release|Any CPU.ActiveCfg = Release|Any CPU
		{AB0A520D-7045-4FDF-A5A7-BD5A074704C5}.Release|Any CPU.Build.0 = Release|Any CPU
	EndGlobalSection
	GlobalSection(SolutionProperties) = preSolution
		HideSolutionNode = FALSE
	EndGlobalSection
	GlobalSection(ExtensibilityGlobals) = postSolution
		SolutionGuid = {FC7BC05C-A4AE-4A87-94FE-56A3D8C9AE61}
	EndGlobalSection
EndGlobal
